// !$*UTF8*$!
{
	archiveVersion = 1;
	classes = {
	};
	objectVersion = 46;
	objects = {

/* Begin PBXBuildFile section */
		932A66521B2D21EE00DAF180 /* KeyboardNote.swift in Sources */ = {isa = PBXBuildFile; fileRef = 932A66511B2D21EE00DAF180 /* KeyboardNote.swift */; };
		932A66541B2D39AA00DAF180 /* MainViewController.swift in Sources */ = {isa = PBXBuildFile; fileRef = 932A66531B2D39AA00DAF180 /* MainViewController.swift */; };
		937025A71B27F80800429BFE /* CellPadView.swift in Sources */ = {isa = PBXBuildFile; fileRef = 937025A51B27F80800429BFE /* CellPadView.swift */; };
		937025A81B27F80800429BFE /* CellPadView.xib in Resources */ = {isa = PBXBuildFile; fileRef = 937025A61B27F80800429BFE /* CellPadView.xib */; };
		93C1ABB51B253C0B0068F079 /* CenterPanelViewController.swift in Sources */ = {isa = PBXBuildFile; fileRef = 93C1ABB31B253C0B0068F079 /* CenterPanelViewController.swift */; };
		93C7673E1B2018C600033DC4 /* AppDelegate.swift in Sources */ = {isa = PBXBuildFile; fileRef = 93C7673D1B2018C600033DC4 /* AppDelegate.swift */; };
		93C767401B2018C600033DC4 /* ContainerViewController.swift in Sources */ = {isa = PBXBuildFile; fileRef = 93C7673F1B2018C600033DC4 /* ContainerViewController.swift */; };
		93C767431B2018C600033DC4 /* Main.storyboard in Resources */ = {isa = PBXBuildFile; fileRef = 93C767411B2018C600033DC4 /* Main.storyboard */; };
		93C767451B2018C600033DC4 /* Images.xcassets in Resources */ = {isa = PBXBuildFile; fileRef = 93C767441B2018C600033DC4 /* Images.xcassets */; };
		93C767481B2018C600033DC4 /* LaunchScreen.xib in Resources */ = {isa = PBXBuildFile; fileRef = 93C767461B2018C600033DC4 /* LaunchScreen.xib */; };
		93C767541B2018C600033DC4 /* the_MCTests.swift in Sources */ = {isa = PBXBuildFile; fileRef = 93C767531B2018C600033DC4 /* the_MCTests.swift */; };
		93C7675E1B2026D800033DC4 /* SidePanelViewController.swift in Sources */ = {isa = PBXBuildFile; fileRef = 93C7675D1B2026D800033DC4 /* SidePanelViewController.swift */; };
		93C767601B20286900033DC4 /* OldCenterPanelViewController.swift in Sources */ = {isa = PBXBuildFile; fileRef = 93C7675F1B20286900033DC4 /* OldCenterPanelViewController.swift */; };
		93E9E7651B3A6D5000A83A08 /* KeyboardPanel.swift in Sources */ = {isa = PBXBuildFile; fileRef = 93E9E7641B3A6D5000A83A08 /* KeyboardPanel.swift */; };
/* End PBXBuildFile section */

/* Begin PBXContainerItemProxy section */
		93C7674E1B2018C600033DC4 /* PBXContainerItemProxy */ = {
			isa = PBXContainerItemProxy;
			containerPortal = 93C767301B2018C600033DC4 /* Project object */;
			proxyType = 1;
			remoteGlobalIDString = 93C767371B2018C600033DC4;
			remoteInfo = "the MC";
		};
/* End PBXContainerItemProxy section */

/* Begin PBXFileReference section */
		932A66511B2D21EE00DAF180 /* KeyboardNote.swift */ = {isa = PBXFileReference; fileEncoding = 4; lastKnownFileType = sourcecode.swift; path = KeyboardNote.swift; sourceTree = "<group>"; };
		932A66531B2D39AA00DAF180 /* MainViewController.swift */ = {isa = PBXFileReference; fileEncoding = 4; lastKnownFileType = sourcecode.swift; path = MainViewController.swift; sourceTree = "<group>"; };
		937025A51B27F80800429BFE /* CellPadView.swift */ = {isa = PBXFileReference; fileEncoding = 4; lastKnownFileType = sourcecode.swift; path = CellPadView.swift; sourceTree = "<group>"; };
		937025A61B27F80800429BFE /* CellPadView.xib */ = {isa = PBXFileReference; fileEncoding = 4; lastKnownFileType = file.xib; path = CellPadView.xib; sourceTree = "<group>"; };
		93C1ABB31B253C0B0068F079 /* CenterPanelViewController.swift */ = {isa = PBXFileReference; fileEncoding = 4; lastKnownFileType = sourcecode.swift; path = CenterPanelViewController.swift; sourceTree = "<group>"; };
		93C767381B2018C600033DC4 /* the MC.app */ = {isa = PBXFileReference; explicitFileType = wrapper.application; includeInIndex = 0; path = "the MC.app"; sourceTree = BUILT_PRODUCTS_DIR; };
		93C7673C1B2018C600033DC4 /* Info.plist */ = {isa = PBXFileReference; lastKnownFileType = text.plist.xml; path = Info.plist; sourceTree = "<group>"; };
		93C7673D1B2018C600033DC4 /* AppDelegate.swift */ = {isa = PBXFileReference; lastKnownFileType = sourcecode.swift; path = AppDelegate.swift; sourceTree = "<group>"; };
		93C7673F1B2018C600033DC4 /* ContainerViewController.swift */ = {isa = PBXFileReference; lastKnownFileType = sourcecode.swift; path = ContainerViewController.swift; sourceTree = "<group>"; };
		93C767421B2018C600033DC4 /* Base */ = {isa = PBXFileReference; lastKnownFileType = file.storyboard; name = Base; path = Base.lproj/Main.storyboard; sourceTree = "<group>"; };
		93C767441B2018C600033DC4 /* Images.xcassets */ = {isa = PBXFileReference; lastKnownFileType = folder.assetcatalog; path = Images.xcassets; sourceTree = "<group>"; };
		93C767471B2018C600033DC4 /* Base */ = {isa = PBXFileReference; lastKnownFileType = file.xib; name = Base; path = Base.lproj/LaunchScreen.xib; sourceTree = "<group>"; };
		93C7674D1B2018C600033DC4 /* the MCTests.xctest */ = {isa = PBXFileReference; explicitFileType = wrapper.cfbundle; includeInIndex = 0; path = "the MCTests.xctest"; sourceTree = BUILT_PRODUCTS_DIR; };
		93C767521B2018C600033DC4 /* Info.plist */ = {isa = PBXFileReference; lastKnownFileType = text.plist.xml; path = Info.plist; sourceTree = "<group>"; };
		93C767531B2018C600033DC4 /* the_MCTests.swift */ = {isa = PBXFileReference; lastKnownFileType = sourcecode.swift; path = the_MCTests.swift; sourceTree = "<group>"; };
		93C7675D1B2026D800033DC4 /* SidePanelViewController.swift */ = {isa = PBXFileReference; fileEncoding = 4; lastKnownFileType = sourcecode.swift; path = SidePanelViewController.swift; sourceTree = "<group>"; };
		93C7675F1B20286900033DC4 /* OldCenterPanelViewController.swift */ = {isa = PBXFileReference; fileEncoding = 4; lastKnownFileType = sourcecode.swift; path = OldCenterPanelViewController.swift; sourceTree = "<group>"; };
		93E9E7641B3A6D5000A83A08 /* KeyboardPanel.swift */ = {isa = PBXFileReference; fileEncoding = 4; lastKnownFileType = sourcecode.swift; path = KeyboardPanel.swift; sourceTree = "<group>"; };
/* End PBXFileReference section */

/* Begin PBXFrameworksBuildPhase section */
		93C767351B2018C600033DC4 /* Frameworks */ = {
			isa = PBXFrameworksBuildPhase;
			buildActionMask = 2147483647;
			files = (
			);
			runOnlyForDeploymentPostprocessing = 0;
		};
		93C7674A1B2018C600033DC4 /* Frameworks */ = {
			isa = PBXFrameworksBuildPhase;
			buildActionMask = 2147483647;
			files = (
			);
			runOnlyForDeploymentPostprocessing = 0;
		};
/* End PBXFrameworksBuildPhase section */

/* Begin PBXGroup section */
		93C7672F1B2018C600033DC4 = {
			isa = PBXGroup;
			children = (
				93C7673A1B2018C600033DC4 /* the MC */,
				93C767501B2018C600033DC4 /* the MCTests */,
				93C767391B2018C600033DC4 /* Products */,
			);
			sourceTree = "<group>";
		};
		93C767391B2018C600033DC4 /* Products */ = {
			isa = PBXGroup;
			children = (
				93C767381B2018C600033DC4 /* the MC.app */,
				93C7674D1B2018C600033DC4 /* the MCTests.xctest */,
			);
			name = Products;
			sourceTree = "<group>";
		};
		93C7673A1B2018C600033DC4 /* the MC */ = {
			isa = PBXGroup;
			children = (
				93C7673D1B2018C600033DC4 /* AppDelegate.swift */,
				93C7673F1B2018C600033DC4 /* ContainerViewController.swift */,
				93C7675D1B2026D800033DC4 /* SidePanelViewController.swift */,
				93C7675F1B20286900033DC4 /* OldCenterPanelViewController.swift */,
				93C1ABB31B253C0B0068F079 /* CenterPanelViewController.swift */,
				93C767411B2018C600033DC4 /* Main.storyboard */,
				93C767441B2018C600033DC4 /* Images.xcassets */,
				93C767461B2018C600033DC4 /* LaunchScreen.xib */,
				93C7673B1B2018C600033DC4 /* Supporting Files */,
				937025A51B27F80800429BFE /* CellPadView.swift */,
				937025A61B27F80800429BFE /* CellPadView.xib */,
				932A66511B2D21EE00DAF180 /* KeyboardNote.swift */,
				932A66531B2D39AA00DAF180 /* MainViewController.swift */,
				93E9E7641B3A6D5000A83A08 /* KeyboardPanel.swift */,
			);
			path = "the MC";
			sourceTree = "<group>";
		};
		93C7673B1B2018C600033DC4 /* Supporting Files */ = {
			isa = PBXGroup;
			children = (
				93C7673C1B2018C600033DC4 /* Info.plist */,
			);
			name = "Supporting Files";
			sourceTree = "<group>";
		};
		93C767501B2018C600033DC4 /* the MCTests */ = {
			isa = PBXGroup;
			children = (
				93C767531B2018C600033DC4 /* the_MCTests.swift */,
				93C767511B2018C600033DC4 /* Supporting Files */,
			);
			path = "the MCTests";
			sourceTree = "<group>";
		};
		93C767511B2018C600033DC4 /* Supporting Files */ = {
			isa = PBXGroup;
			children = (
				93C767521B2018C600033DC4 /* Info.plist */,
			);
			name = "Supporting Files";
			sourceTree = "<group>";
		};
/* End PBXGroup section */

/* Begin PBXNativeTarget section */
		93C767371B2018C600033DC4 /* the MC */ = {
			isa = PBXNativeTarget;
			buildConfigurationList = 93C767571B2018C600033DC4 /* Build configuration list for PBXNativeTarget "the MC" */;
			buildPhases = (
				93C767341B2018C600033DC4 /* Sources */,
				93C767351B2018C600033DC4 /* Frameworks */,
				93C767361B2018C600033DC4 /* Resources */,
			);
			buildRules = (
			);
			dependencies = (
			);
			name = "the MC";
			productName = "the MC";
			productReference = 93C767381B2018C600033DC4 /* the MC.app */;
			productType = "com.apple.product-type.application";
		};
		93C7674C1B2018C600033DC4 /* the MCTests */ = {
			isa = PBXNativeTarget;
			buildConfigurationList = 93C7675A1B2018C600033DC4 /* Build configuration list for PBXNativeTarget "the MCTests" */;
			buildPhases = (
				93C767491B2018C600033DC4 /* Sources */,
				93C7674A1B2018C600033DC4 /* Frameworks */,
				93C7674B1B2018C600033DC4 /* Resources */,
			);
			buildRules = (
			);
			dependencies = (
				93C7674F1B2018C600033DC4 /* PBXTargetDependency */,
			);
			name = "the MCTests";
			productName = "the MCTests";
			productReference = 93C7674D1B2018C600033DC4 /* the MCTests.xctest */;
			productType = "com.apple.product-type.bundle.unit-test";
		};
/* End PBXNativeTarget section */

/* Begin PBXProject section */
		93C767301B2018C600033DC4 /* Project object */ = {
			isa = PBXProject;
			attributes = {
				LastUpgradeCheck = 0630;
				ORGANIZATIONNAME = "Lewis, Kenneth";
				TargetAttributes = {
					93C767371B2018C600033DC4 = {
						CreatedOnToolsVersion = 6.3.2;
					};
					93C7674C1B2018C600033DC4 = {
						CreatedOnToolsVersion = 6.3.2;
						TestTargetID = 93C767371B2018C600033DC4;
					};
				};
			};
			buildConfigurationList = 93C767331B2018C600033DC4 /* Build configuration list for PBXProject "the MC" */;
			compatibilityVersion = "Xcode 3.2";
			developmentRegion = English;
			hasScannedForEncodings = 0;
			knownRegions = (
				en,
				Base,
			);
			mainGroup = 93C7672F1B2018C600033DC4;
			productRefGroup = 93C767391B2018C600033DC4 /* Products */;
			projectDirPath = "";
			projectRoot = "";
			targets = (
				93C767371B2018C600033DC4 /* the MC */,
				93C7674C1B2018C600033DC4 /* the MCTests */,
			);
		};
/* End PBXProject section */

/* Begin PBXResourcesBuildPhase section */
		93C767361B2018C600033DC4 /* Resources */ = {
			isa = PBXResourcesBuildPhase;
			buildActionMask = 2147483647;
			files = (
				937025A81B27F80800429BFE /* CellPadView.xib in Resources */,
				93C767431B2018C600033DC4 /* Main.storyboard in Resources */,
				93C767481B2018C600033DC4 /* LaunchScreen.xib in Resources */,
				93C767451B2018C600033DC4 /* Images.xcassets in Resources */,
			);
			runOnlyForDeploymentPostprocessing = 0;
		};
		93C7674B1B2018C600033DC4 /* Resources */ = {
			isa = PBXResourcesBuildPhase;
			buildActionMask = 2147483647;
			files = (
			);
			runOnlyForDeploymentPostprocessing = 0;
		};
/* End PBXResourcesBuildPhase section */

/* Begin PBXSourcesBuildPhase section */
		93C767341B2018C600033DC4 /* Sources */ = {
			isa = PBXSourcesBuildPhase;
			buildActionMask = 2147483647;
			files = (
				93C7675E1B2026D800033DC4 /* SidePanelViewController.swift in Sources */,
				93E9E7651B3A6D5000A83A08 /* KeyboardPanel.swift in Sources */,
				932A66541B2D39AA00DAF180 /* MainViewController.swift in Sources */,
				93C767401B2018C600033DC4 /* ContainerViewController.swift in Sources */,
				932A66521B2D21EE00DAF180 /* KeyboardNote.swift in Sources */,
				93C1ABB51B253C0B0068F079 /* CenterPanelViewController.swift in Sources */,
				93C767601B20286900033DC4 /* OldCenterPanelViewController.swift in Sources */,
				937025A71B27F80800429BFE /* CellPadView.swift in Sources */,
				93C7673E1B2018C600033DC4 /* AppDelegate.swift in Sources */,
			);
			runOnlyForDeploymentPostprocessing = 0;
		};
		93C767491B2018C600033DC4 /* Sources */ = {
			isa = PBXSourcesBuildPhase;
			buildActionMask = 2147483647;
			files = (
				93C767541B2018C600033DC4 /* the_MCTests.swift in Sources */,
			);
			runOnlyForDeploymentPostprocessing = 0;
		};
/* End PBXSourcesBuildPhase section */

/* Begin PBXTargetDependency section */
		93C7674F1B2018C600033DC4 /* PBXTargetDependency */ = {
			isa = PBXTargetDependency;
			target = 93C767371B2018C600033DC4 /* the MC */;
			targetProxy = 93C7674E1B2018C600033DC4 /* PBXContainerItemProxy */;
		};
/* End PBXTargetDependency section */

/* Begin PBXVariantGroup section */
		93C767411B2018C600033DC4 /* Main.storyboard */ = {
			isa = PBXVariantGroup;
			children = (
				93C767421B2018C600033DC4 /* Base */,
			);
			name = Main.storyboard;
			sourceTree = "<group>";
		};
		93C767461B2018C600033DC4 /* LaunchScreen.xib */ = {
			isa = PBXVariantGroup;
			children = (
				93C767471B2018C600033DC4 /* Base */,
			);
			name = LaunchScreen.xib;
			sourceTree = "<group>";
		};
/* End PBXVariantGroup section */

/* Begin XCBuildConfiguration section */
		93C767551B2018C600033DC4 /* Debug */ = {
			isa = XCBuildConfiguration;
			buildSettings = {
				ALWAYS_SEARCH_USER_PATHS = NO;
				CLANG_CXX_LANGUAGE_STANDARD = "gnu++0x";
				CLANG_CXX_LIBRARY = "libc++";
				CLANG_ENABLE_MODULES = YES;
				CLANG_ENABLE_OBJC_ARC = YES;
				CLANG_WARN_BOOL_CONVERSION = YES;
				CLANG_WARN_CONSTANT_CONVERSION = YES;
				CLANG_WARN_DIRECT_OBJC_ISA_USAGE = YES_ERROR;
				CLANG_WARN_EMPTY_BODY = YES;
				CLANG_WARN_ENUM_CONVERSION = YES;
				CLANG_WARN_INT_CONVERSION = YES;
				CLANG_WARN_OBJC_ROOT_CLASS = YES_ERROR;
				CLANG_WARN_UNREACHABLE_CODE = YES;
				CLANG_WARN__DUPLICATE_METHOD_MATCH = YES;
				"CODE_SIGN_IDENTITY[sdk=iphoneos*]" = "iPhone Developer";
				COPY_PHASE_STRIP = NO;
				DEBUG_INFORMATION_FORMAT = "dwarf-with-dsym";
				ENABLE_STRICT_OBJC_MSGSEND = YES;
				GCC_C_LANGUAGE_STANDARD = gnu99;
				GCC_DYNAMIC_NO_PIC = NO;
				GCC_NO_COMMON_BLOCKS = YES;
				GCC_OPTIMIZATION_LEVEL = 0;
				GCC_PREPROCESSOR_DEFINITIONS = (
					"DEBUG=1",
					"$(inherited)",
				);
				GCC_SYMBOLS_PRIVATE_EXTERN = NO;
				GCC_WARN_64_TO_32_BIT_CONVERSION = YES;
				GCC_WARN_ABOUT_RETURN_TYPE = YES_ERROR;
				GCC_WARN_UNDECLARED_SELECTOR = YES;
				GCC_WARN_UNINITIALIZED_AUTOS = YES_AGGRESSIVE;
				GCC_WARN_UNUSED_FUNCTION = YES;
				GCC_WARN_UNUSED_VARIABLE = YES;
				IPHONEOS_DEPLOYMENT_TARGET = 8.3;
				MTL_ENABLE_DEBUG_INFO = YES;
				ONLY_ACTIVE_ARCH = YES;
				SDKROOT = iphoneos;
				SWIFT_OPTIMIZATION_LEVEL = "-Onone";
				TARGETED_DEVICE_FAMILY = "1,2";
			};
			name = Debug;
		};
		93C767561B2018C600033DC4 /* Release */ = {
			isa = XCBuildConfiguration;
			buildSettings = {
				ALWAYS_SEARCH_USER_PATHS = NO;
				CLANG_CXX_LANGUAGE_STANDARD = "gnu++0x";
				CLANG_CXX_LIBRARY = "libc++";
				CLANG_ENABLE_MODULES = YES;
				CLANG_ENABLE_OBJC_ARC = YES;
				CLANG_WARN_BOOL_CONVERSION = YES;
				CLANG_WARN_CONSTANT_CONVERSION = YES;
				CLANG_WARN_DIRECT_OBJC_ISA_USAGE = YES_ERROR;
				CLANG_WARN_EMPTY_BODY = YES;
				CLANG_WARN_ENUM_CONVERSION = YES;
				CLANG_WARN_INT_CONVERSION = YES;
				CLANG_WARN_OBJC_ROOT_CLASS = YES_ERROR;
				CLANG_WARN_UNREACHABLE_CODE = YES;
				CLANG_WARN__DUPLICATE_METHOD_MATCH = YES;
				"CODE_SIGN_IDENTITY[sdk=iphoneos*]" = "iPhone Developer";
				COPY_PHASE_STRIP = NO;
				DEBUG_INFORMATION_FORMAT = "dwarf-with-dsym";
				ENABLE_NS_ASSERTIONS = NO;
				ENABLE_STRICT_OBJC_MSGSEND = YES;
				GCC_C_LANGUAGE_STANDARD = gnu99;
				GCC_NO_COMMON_BLOCKS = YES;
				GCC_WARN_64_TO_32_BIT_CONVERSION = YES;
				GCC_WARN_ABOUT_RETURN_TYPE = YES_ERROR;
				GCC_WARN_UNDECLARED_SELECTOR = YES;
				GCC_WARN_UNINITIALIZED_AUTOS = YES_AGGRESSIVE;
				GCC_WARN_UNUSED_FUNCTION = YES;
				GCC_WARN_UNUSED_VARIABLE = YES;
				IPHONEOS_DEPLOYMENT_TARGET = 8.3;
				MTL_ENABLE_DEBUG_INFO = NO;
				SDKROOT = iphoneos;
				TARGETED_DEVICE_FAMILY = "1,2";
				VALIDATE_PRODUCT = YES;
			};
			name = Release;
		};
		93C767581B2018C600033DC4 /* Debug */ = {
			isa = XCBuildConfiguration;
			buildSettings = {
				ASSETCATALOG_COMPILER_APPICON_NAME = AppIcon;
				INFOPLIST_FILE = "the MC/Info.plist";
				LD_RUNPATH_SEARCH_PATHS = "$(inherited) @executable_path/Frameworks";
				PRODUCT_NAME = "$(TARGET_NAME)";
			};
			name = Debug;
		};
		93C767591B2018C600033DC4 /* Release */ = {
			isa = XCBuildConfiguration;
			buildSettings = {
				ASSETCATALOG_COMPILER_APPICON_NAME = AppIcon;
				INFOPLIST_FILE = "the MC/Info.plist";
				LD_RUNPATH_SEARCH_PATHS = "$(inherited) @executable_path/Frameworks";
				PRODUCT_NAME = "$(TARGET_NAME)";
			};
			name = Release;
		};
		93C7675B1B2018C600033DC4 /* Debug */ = {
			isa = XCBuildConfiguration;
			buildSettings = {
				BUNDLE_LOADER = "$(TEST_HOST)";
				FRAMEWORK_SEARCH_PATHS = (
					"$(SDKROOT)/Developer/Library/Frameworks",
					"$(inherited)",
				);
				GCC_PREPROCESSOR_DEFINITIONS = (
					"DEBUG=1",
					"$(inherited)",
				);
				INFOPLIST_FILE = "the MCTests/Info.plist";
				LD_RUNPATH_SEARCH_PATHS = "$(inherited) @executable_path/Frameworks @loader_path/Frameworks";
				PRODUCT_NAME = "$(TARGET_NAME)";
				TEST_HOST = "$(BUILT_PRODUCTS_DIR)/the MC.app/the MC";
			};
			name = Debug;
		};
		93C7675C1B2018C600033DC4 /* Release */ = {
			isa = XCBuildConfiguration;
			buildSettings = {
				BUNDLE_LOADER = "$(TEST_HOST)";
				FRAMEWORK_SEARCH_PATHS = (
					"$(SDKROOT)/Developer/Library/Frameworks",
					"$(inherited)",
				);
				INFOPLIST_FILE = "the MCTests/Info.plist";
				LD_RUNPATH_SEARCH_PATHS = "$(inherited) @executable_path/Frameworks @loader_path/Frameworks";
				PRODUCT_NAME = "$(TARGET_NAME)";
				TEST_HOST = "$(BUILT_PRODUCTS_DIR)/the MC.app/the MC";
			};
			name = Release;
		};
/* End XCBuildConfiguration section */

/* Begin XCConfigurationList section */
		93C767331B2018C600033DC4 /* Build configuration list for PBXProject "the MC" */ = {
			isa = XCConfigurationList;
			buildConfigurations = (
				93C767551B2018C600033DC4 /* Debug */,
				93C767561B2018C600033DC4 /* Release */,
			);
			defaultConfigurationIsVisible = 0;
			defaultConfigurationName = Release;
		};
		93C767571B2018C600033DC4 /* Build configuration list for PBXNativeTarget "the MC" */ = {
			isa = XCConfigurationList;
			buildConfigurations = (
				93C767581B2018C600033DC4 /* Debug */,
				93C767591B2018C600033DC4 /* Release */,
			);
			defaultConfigurationIsVisible = 0;
			defaultConfigurationName = Release;
		};
		93C7675A1B2018C600033DC4 /* Build configuration list for PBXNativeTarget "the MCTests" */ = {
			isa = XCConfigurationList;
			buildConfigurations = (
				93C7675B1B2018C600033DC4 /* Debug */,
				93C7675C1B2018C600033DC4 /* Release */,
			);
			defaultConfigurationIsVisible = 0;
			defaultConfigurationName = Release;
		};
/* End XCConfigurationList section */
	};
	rootObject = 93C767301B2018C600033DC4 /* Project object */;
}
